
Microsoft Visual Studio Solution File, Format Version 12.00
# Visual Studio 15
VisualStudioVersion = 15.0.28010.0
MinimumVisualStudioVersion = 10.0.40219.1
Project("{FAE04EC0-301F-11D3-BF4B-00C04F79EFBC}") = "Programming.DAL", "Programming.DAL\Programming.DAL.csproj", "{9C257CCB-D81E-49C1-8C22-E92DA7FF9EB4}"
EndProject
Project("{FAE04EC0-301F-11D3-BF4B-00C04F79EFBC}") = "Programming.API", "Programming.API\Programming.API.csproj", "{F4950640-37E4-4345-9593-8C03AC466DE1}"
EndProject
Global
	GlobalSection(SolutionConfigurationPlatforms) = preSolution
		Debug|Any CPU = Debug|Any CPU
		Release|Any CPU = Release|Any CPU
	EndGlobalSection
	GlobalSection(ProjectConfigurationPlatforms) = postSolution
		{9C257CCB-D81E-49C1-8C22-E92DA7FF9EB4}.Debug|Any CPU.ActiveCfg = Debug|Any CPU
		{9C257CCB-D81E-49C1-8C22-E92DA7FF9EB4}.Debug|Any CPU.Build.0 = Debug|Any CPU
		{9C257CCB-D81E-49C1-8C22-E92DA7FF9EB4}.Release|Any CPU.ActiveCfg = Release|Any CPU
		{9C257CCB-D81E-49C1-8C22-E92DA7FF9EB4}.Release|Any CPU.Build.0 = Release|Any CPU
		{F4950640-37E4-4345-9593-8C03AC466DE1}.Debug|Any CPU.ActiveCfg = Debug|Any CPU
		{F4950640-37E4-4345-9593-8C03AC466DE1}.Debug|Any CPU.Build.0 = Debug|Any CPU
		{F4950640-37E4-4345-9593-8C03AC466DE1}.Release|Any CPU.ActiveCfg = Release|Any CPU
		{F4950640-37E4-4345-9593-8C03AC466DE1}.Release|Any CPU.Build.0 = Release|Any CPU
	EndGlobalSection
	GlobalSection(SolutionProperties) = preSolution
		HideSolutionNode = FALSE
	EndGlobalSection
	GlobalSection(ExtensibilityGlobals) = postSolution
		SolutionGuid = {50650AE9-5EF3-49FE-A625-A3D661D6F337}
	EndGlobalSection
EndGlobal
